
Microsoft Visual Studio Solution File, Format Version 11.00
# Visual Studio 2010
Project("{FAE04EC0-301F-11D3-BF4B-00C04F79EFBC}") = "Assembly-CSharp", "Assembly-CSharp.csproj", "{66ce36eb-0043-538e-12bf-a015064a87dd}"
EndProject
Project("{FAE04EC0-301F-11D3-BF4B-00C04F79EFBC}") = "Assembly-CSharp-Editor", "Assembly-CSharp-Editor.csproj", "{fb81849d-5960-4e9f-0571-06c6d011d369}"
EndProject
Global
	GlobalSection(SolutionConfigurationPlatforms) = preSolution
		Debug|Any CPU = Debug|Any CPU
	EndGlobalSection
	GlobalSection(ProjectConfigurationPlatforms) = postSolution
		{66ce36eb-0043-538e-12bf-a015064a87dd}.Debug|Any CPU.ActiveCfg = Debug|Any CPU
		{66ce36eb-0043-538e-12bf-a015064a87dd}.Debug|Any CPU.Build.0 = Debug|Any CPU
		{fb81849d-5960-4e9f-0571-06c6d011d369}.Debug|Any CPU.ActiveCfg = Debug|Any CPU
		{fb81849d-5960-4e9f-0571-06c6d011d369}.Debug|Any CPU.Build.0 = Debug|Any CPU
	EndGlobalSection
	GlobalSection(SolutionProperties) = preSolution
		HideSolutionNode = FALSE
	EndGlobalSection
EndGlobal
